// !$*UTF8*$!
{
	archiveVersion = 1;
	classes = {
	};
	objectVersion = 77;
	objects = {

/* Begin PBXBuildFile section */
		6F312EC72E14586800BEA3B9 /* InlineSnapshotTesting in Frameworks */ = {isa = PBXBuildFile; productRef = 6F312EC62E14586800BEA3B9 /* InlineSnapshotTesting */; };
		6F312EC92E14586800BEA3B9 /* SnapshotTesting in Frameworks */ = {isa = PBXBuildFile; productRef = 6F312EC82E14586800BEA3B9 /* SnapshotTesting */; };
		6F312ECB2E14586800BEA3B9 /* SnapshotTestingCustomDump in Frameworks */ = {isa = PBXBuildFile; productRef = 6F312ECA2E14586800BEA3B9 /* SnapshotTestingCustomDump */; };
		6FD0231E2E0320660088CAB8 /* Domain in Frameworks */ = {isa = PBXBuildFile; productRef = 6FD0231D2E0320660088CAB8 /* Domain */; };
		6FD023212E0320740088CAB8 /* Data in Frameworks */ = {isa = PBXBuildFile; productRef = 6FD023202E0320740088CAB8 /* Data */; };
		6FD023242E0320800088CAB8 /* Presentation in Frameworks */ = {isa = PBXBuildFile; productRef = 6FD023232E0320800088CAB8 /* Presentation */; };
/* End PBXBuildFile section */

/* Begin PBXContainerItemProxy section */
		6F8F7E562DE852000054CD0B /* PBXContainerItemProxy */ = {
			isa = PBXContainerItemProxy;
			containerPortal = 6F8F7E3E2DE851FF0054CD0B /* Project object */;
			proxyType = 1;
			remoteGlobalIDString = 6F8F7E452DE851FF0054CD0B;
			remoteInfo = NewBrastlewark;
		};
/* End PBXContainerItemProxy section */

/* Begin PBXCopyFilesBuildPhase section */
		6F8F7E912DE852790054CD0B /* Embed Frameworks */ = {
			isa = PBXCopyFilesBuildPhase;
			buildActionMask = 2147483647;
			dstPath = "";
			dstSubfolderSpec = 10;
			files = (
			);
			name = "Embed Frameworks";
			runOnlyForDeploymentPostprocessing = 0;
		};
/* End PBXCopyFilesBuildPhase section */

/* Begin PBXFileReference section */
		6F8F7E462DE851FF0054CD0B /* NewBrastlewark.app */ = {isa = PBXFileReference; explicitFileType = wrapper.application; includeInIndex = 0; path = NewBrastlewark.app; sourceTree = BUILT_PRODUCTS_DIR; };
		6F8F7E552DE852000054CD0B /* NewBrastlewarkSnapshotTests.xctest */ = {isa = PBXFileReference; explicitFileType = wrapper.cfbundle; includeInIndex = 0; path = NewBrastlewarkSnapshotTests.xctest; sourceTree = BUILT_PRODUCTS_DIR; };
/* End PBXFileReference section */

/* Begin PBXFileSystemSynchronizedBuildFileExceptionSet section */
		6FF34C172E0456500005C6E4 /* Exceptions for "NewBrastlewark" folder in "NewBrastlewark" target */ = {
			isa = PBXFileSystemSynchronizedBuildFileExceptionSet;
			membershipExceptions = (
				Info.plist,
			);
			target = 6F8F7E452DE851FF0054CD0B /* NewBrastlewark */;
		};
/* End PBXFileSystemSynchronizedBuildFileExceptionSet section */

/* Begin PBXFileSystemSynchronizedRootGroup section */
		6F8F7E482DE851FF0054CD0B /* NewBrastlewark */ = {
			isa = PBXFileSystemSynchronizedRootGroup;
			exceptions = (
				6FF34C172E0456500005C6E4 /* Exceptions for "NewBrastlewark" folder in "NewBrastlewark" target */,
			);
			path = NewBrastlewark;
			sourceTree = "<group>";
		};
		6F8F7E582DE852000054CD0B /* NewBrastlewarkSnapshotTests */ = {
			isa = PBXFileSystemSynchronizedRootGroup;
			path = NewBrastlewarkSnapshotTests;
			sourceTree = "<group>";
		};
/* End PBXFileSystemSynchronizedRootGroup section */

/* Begin PBXFrameworksBuildPhase section */
		6F8F7E432DE851FF0054CD0B /* Frameworks */ = {
			isa = PBXFrameworksBuildPhase;
			buildActionMask = 2147483647;
			files = (
				6FD023212E0320740088CAB8 /* Data in Frameworks */,
				6FD023242E0320800088CAB8 /* Presentation in Frameworks */,
				6FD0231E2E0320660088CAB8 /* Domain in Frameworks */,
			);
			runOnlyForDeploymentPostprocessing = 0;
		};
		6F8F7E522DE852000054CD0B /* Frameworks */ = {
			isa = PBXFrameworksBuildPhase;
			buildActionMask = 2147483647;
			files = (
				6F312ECB2E14586800BEA3B9 /* SnapshotTestingCustomDump in Frameworks */,
				6F312EC72E14586800BEA3B9 /* InlineSnapshotTesting in Frameworks */,
				6F312EC92E14586800BEA3B9 /* SnapshotTesting in Frameworks */,
			);
			runOnlyForDeploymentPostprocessing = 0;
		};
/* End PBXFrameworksBuildPhase section */

/* Begin PBXGroup section */
		6F8F7E3D2DE851FF0054CD0B = {
			isa = PBXGroup;
			children = (
				6F8F7E482DE851FF0054CD0B /* NewBrastlewark */,
				6F8F7E582DE852000054CD0B /* NewBrastlewarkSnapshotTests */,
				6FFF0F842DEA006A00621BE5 /* Frameworks */,
				6F8F7E472DE851FF0054CD0B /* Products */,
			);
			sourceTree = "<group>";
		};
		6F8F7E472DE851FF0054CD0B /* Products */ = {
			isa = PBXGroup;
			children = (
				6F8F7E462DE851FF0054CD0B /* NewBrastlewark.app */,
				6F8F7E552DE852000054CD0B /* NewBrastlewarkSnapshotTests.xctest */,
			);
			name = Products;
			sourceTree = "<group>";
		};
		6FFF0F842DEA006A00621BE5 /* Frameworks */ = {
			isa = PBXGroup;
			children = (
			);
			name = Frameworks;
			sourceTree = "<group>";
		};
/* End PBXGroup section */

/* Begin PBXNativeTarget section */
		6F8F7E452DE851FF0054CD0B /* NewBrastlewark */ = {
			isa = PBXNativeTarget;
			buildConfigurationList = 6F8F7E692DE852000054CD0B /* Build configuration list for PBXNativeTarget "NewBrastlewark" */;
			buildPhases = (
				6F8F7E422DE851FF0054CD0B /* Sources */,
				6F8F7E432DE851FF0054CD0B /* Frameworks */,
				6F8F7E442DE851FF0054CD0B /* Resources */,
				6F8F7E912DE852790054CD0B /* Embed Frameworks */,
			);
			buildRules = (
			);
			dependencies = (
			);
			fileSystemSynchronizedGroups = (
				6F8F7E482DE851FF0054CD0B /* NewBrastlewark */,
			);
			name = NewBrastlewark;
			packageProductDependencies = (
				6FD0231D2E0320660088CAB8 /* Domain */,
				6FD023202E0320740088CAB8 /* Data */,
				6FD023232E0320800088CAB8 /* Presentation */,
			);
			productName = NewBrastlewark;
			productReference = 6F8F7E462DE851FF0054CD0B /* NewBrastlewark.app */;
			productType = "com.apple.product-type.application";
		};
		6F8F7E542DE852000054CD0B /* NewBrastlewarkSnapshotTests */ = {
			isa = PBXNativeTarget;
			buildConfigurationList = 6F8F7E6C2DE852000054CD0B /* Build configuration list for PBXNativeTarget "NewBrastlewarkSnapshotTests" */;
			buildPhases = (
				6F8F7E512DE852000054CD0B /* Sources */,
				6F8F7E522DE852000054CD0B /* Frameworks */,
				6F8F7E532DE852000054CD0B /* Resources */,
			);
			buildRules = (
			);
			dependencies = (
				6F8F7E572DE852000054CD0B /* PBXTargetDependency */,
			);
			fileSystemSynchronizedGroups = (
				6F8F7E582DE852000054CD0B /* NewBrastlewarkSnapshotTests */,
			);
			name = NewBrastlewarkSnapshotTests;
			packageProductDependencies = (
				6F312EC62E14586800BEA3B9 /* InlineSnapshotTesting */,
				6F312EC82E14586800BEA3B9 /* SnapshotTesting */,
				6F312ECA2E14586800BEA3B9 /* SnapshotTestingCustomDump */,
			);
			productName = NewBrastlewarkTests;
			productReference = 6F8F7E552DE852000054CD0B /* NewBrastlewarkSnapshotTests.xctest */;
			productType = "com.apple.product-type.bundle.unit-test";
		};
/* End PBXNativeTarget section */

/* Begin PBXProject section */
		6F8F7E3E2DE851FF0054CD0B /* Project object */ = {
			isa = PBXProject;
			attributes = {
				BuildIndependentTargetsInParallel = 1;
				LastSwiftUpdateCheck = 1630;
				LastUpgradeCheck = 1630;
				TargetAttributes = {
					6F8F7E452DE851FF0054CD0B = {
						CreatedOnToolsVersion = 16.3;
					};
					6F8F7E542DE852000054CD0B = {
						CreatedOnToolsVersion = 16.3;
						TestTargetID = 6F8F7E452DE851FF0054CD0B;
					};
				};
			};
			buildConfigurationList = 6F8F7E412DE851FF0054CD0B /* Build configuration list for PBXProject "NewBrastlewark" */;
			developmentRegion = en;
			hasScannedForEncodings = 0;
			knownRegions = (
				en,
				Base,
			);
			mainGroup = 6F8F7E3D2DE851FF0054CD0B;
			minimizedProjectReferenceProxies = 1;
			packageReferences = (
				6FD0231C2E0320660088CAB8 /* XCLocalSwiftPackageReference "Packages/Domain" */,
				6FD0231F2E0320740088CAB8 /* XCLocalSwiftPackageReference "Packages/Data" */,
				6FD023222E0320800088CAB8 /* XCLocalSwiftPackageReference "Packages/Presentation" */,
				6FF2911F2E14523E0044B060 /* XCRemoteSwiftPackageReference "swift-snapshot-testing" */,
			);
			preferredProjectObjectVersion = 77;
			productRefGroup = 6F8F7E472DE851FF0054CD0B /* Products */;
			projectDirPath = "";
			projectRoot = "";
			targets = (
				6F8F7E452DE851FF0054CD0B /* NewBrastlewark */,
				6F8F7E542DE852000054CD0B /* NewBrastlewarkSnapshotTests */,
			);
		};
/* End PBXProject section */

/* Begin PBXResourcesBuildPhase section */
		6F8F7E442DE851FF0054CD0B /* Resources */ = {
			isa = PBXResourcesBuildPhase;
			buildActionMask = 2147483647;
			files = (
			);
			runOnlyForDeploymentPostprocessing = 0;
		};
		6F8F7E532DE852000054CD0B /* Resources */ = {
			isa = PBXResourcesBuildPhase;
			buildActionMask = 2147483647;
			files = (
			);
			runOnlyForDeploymentPostprocessing = 0;
		};
/* End PBXResourcesBuildPhase section */

/* Begin PBXSourcesBuildPhase section */
		6F8F7E422DE851FF0054CD0B /* Sources */ = {
			isa = PBXSourcesBuildPhase;
			buildActionMask = 2147483647;
			files = (
			);
			runOnlyForDeploymentPostprocessing = 0;
		};
		6F8F7E512DE852000054CD0B /* Sources */ = {
			isa = PBXSourcesBuildPhase;
			buildActionMask = 2147483647;
			files = (
			);
			runOnlyForDeploymentPostprocessing = 0;
		};
/* End PBXSourcesBuildPhase section */

/* Begin PBXTargetDependency section */
		6F8F7E572DE852000054CD0B /* PBXTargetDependency */ = {
			isa = PBXTargetDependency;
			target = 6F8F7E452DE851FF0054CD0B /* NewBrastlewark */;
			targetProxy = 6F8F7E562DE852000054CD0B /* PBXContainerItemProxy */;
		};
/* End PBXTargetDependency section */

/* Begin XCBuildConfiguration section */
		6F8F7E672DE852000054CD0B /* Debug */ = {
			isa = XCBuildConfiguration;
			buildSettings = {
				ALWAYS_SEARCH_USER_PATHS = NO;
				ASSETCATALOG_COMPILER_GENERATE_SWIFT_ASSET_SYMBOL_EXTENSIONS = YES;
				CLANG_ANALYZER_NONNULL = YES;
				CLANG_ANALYZER_NUMBER_OBJECT_CONVERSION = YES_AGGRESSIVE;
				CLANG_CXX_LANGUAGE_STANDARD = "gnu++20";
				CLANG_ENABLE_MODULES = YES;
				CLANG_ENABLE_OBJC_ARC = YES;
				CLANG_ENABLE_OBJC_WEAK = YES;
				CLANG_WARN_BLOCK_CAPTURE_AUTORELEASING = YES;
				CLANG_WARN_BOOL_CONVERSION = YES;
				CLANG_WARN_COMMA = YES;
				CLANG_WARN_CONSTANT_CONVERSION = YES;
				CLANG_WARN_DEPRECATED_OBJC_IMPLEMENTATIONS = YES;
				CLANG_WARN_DIRECT_OBJC_ISA_USAGE = YES_ERROR;
				CLANG_WARN_DOCUMENTATION_COMMENTS = YES;
				CLANG_WARN_EMPTY_BODY = YES;
				CLANG_WARN_ENUM_CONVERSION = YES;
				CLANG_WARN_INFINITE_RECURSION = YES;
				CLANG_WARN_INT_CONVERSION = YES;
				CLANG_WARN_NON_LITERAL_NULL_CONVERSION = YES;
				CLANG_WARN_OBJC_IMPLICIT_RETAIN_SELF = YES;
				CLANG_WARN_OBJC_LITERAL_CONVERSION = YES;
				CLANG_WARN_OBJC_ROOT_CLASS = YES_ERROR;
				CLANG_WARN_QUOTED_INCLUDE_IN_FRAMEWORK_HEADER = YES;
				CLANG_WARN_RANGE_LOOP_ANALYSIS = YES;
				CLANG_WARN_STRICT_PROTOTYPES = YES;
				CLANG_WARN_SUSPICIOUS_MOVE = YES;
				CLANG_WARN_UNGUARDED_AVAILABILITY = YES_AGGRESSIVE;
				CLANG_WARN_UNREACHABLE_CODE = YES;
				CLANG_WARN__DUPLICATE_METHOD_MATCH = YES;
				COPY_PHASE_STRIP = NO;
				DEBUG_INFORMATION_FORMAT = dwarf;
				ENABLE_STRICT_OBJC_MSGSEND = YES;
				ENABLE_TESTABILITY = YES;
				ENABLE_USER_SCRIPT_SANDBOXING = YES;
				GCC_C_LANGUAGE_STANDARD = gnu17;
				GCC_DYNAMIC_NO_PIC = NO;
				GCC_NO_COMMON_BLOCKS = YES;
				GCC_OPTIMIZATION_LEVEL = 0;
				GCC_PREPROCESSOR_DEFINITIONS = (
					"DEBUG=1",
					"$(inherited)",
				);
				GCC_WARN_64_TO_32_BIT_CONVERSION = YES;
				GCC_WARN_ABOUT_RETURN_TYPE = YES_ERROR;
				GCC_WARN_UNDECLARED_SELECTOR = YES;
				GCC_WARN_UNINITIALIZED_AUTOS = YES_AGGRESSIVE;
				GCC_WARN_UNUSED_FUNCTION = YES;
				GCC_WARN_UNUSED_VARIABLE = YES;
				IPHONEOS_DEPLOYMENT_TARGET = 18.4;
				LOCALIZATION_PREFERS_STRING_CATALOGS = YES;
				MTL_ENABLE_DEBUG_INFO = INCLUDE_SOURCE;
				MTL_FAST_MATH = YES;
				ONLY_ACTIVE_ARCH = YES;
				SDKROOT = iphoneos;
				SWIFT_ACTIVE_COMPILATION_CONDITIONS = "DEBUG $(inherited)";
				SWIFT_OPTIMIZATION_LEVEL = "-Onone";
			};
			name = Debug;
		};
		6F8F7E682DE852000054CD0B /* Release */ = {
			isa = XCBuildConfiguration;
			buildSettings = {
				ALWAYS_SEARCH_USER_PATHS = NO;
				ASSETCATALOG_COMPILER_GENERATE_SWIFT_ASSET_SYMBOL_EXTENSIONS = YES;
				CLANG_ANALYZER_NONNULL = YES;
				CLANG_ANALYZER_NUMBER_OBJECT_CONVERSION = YES_AGGRESSIVE;
				CLANG_CXX_LANGUAGE_STANDARD = "gnu++20";
				CLANG_ENABLE_MODULES = YES;
				CLANG_ENABLE_OBJC_ARC = YES;
				CLANG_ENABLE_OBJC_WEAK = YES;
				CLANG_WARN_BLOCK_CAPTURE_AUTORELEASING = YES;
				CLANG_WARN_BOOL_CONVERSION = YES;
				CLANG_WARN_COMMA = YES;
				CLANG_WARN_CONSTANT_CONVERSION = YES;
				CLANG_WARN_DEPRECATED_OBJC_IMPLEMENTATIONS = YES;
				CLANG_WARN_DIRECT_OBJC_ISA_USAGE = YES_ERROR;
				CLANG_WARN_DOCUMENTATION_COMMENTS = YES;
				CLANG_WARN_EMPTY_BODY = YES;
				CLANG_WARN_ENUM_CONVERSION = YES;
				CLANG_WARN_INFINITE_RECURSION = YES;
				CLANG_WARN_INT_CONVERSION = YES;
				CLANG_WARN_NON_LITERAL_NULL_CONVERSION = YES;
				CLANG_WARN_OBJC_IMPLICIT_RETAIN_SELF = YES;
				CLANG_WARN_OBJC_LITERAL_CONVERSION = YES;
				CLANG_WARN_OBJC_ROOT_CLASS = YES_ERROR;
				CLANG_WARN_QUOTED_INCLUDE_IN_FRAMEWORK_HEADER = YES;
				CLANG_WARN_RANGE_LOOP_ANALYSIS = YES;
				CLANG_WARN_STRICT_PROTOTYPES = YES;
				CLANG_WARN_SUSPICIOUS_MOVE = YES;
				CLANG_WARN_UNGUARDED_AVAILABILITY = YES_AGGRESSIVE;
				CLANG_WARN_UNREACHABLE_CODE = YES;
				CLANG_WARN__DUPLICATE_METHOD_MATCH = YES;
				COPY_PHASE_STRIP = NO;
				DEBUG_INFORMATION_FORMAT = "dwarf-with-dsym";
				ENABLE_NS_ASSERTIONS = NO;
				ENABLE_STRICT_OBJC_MSGSEND = YES;
				ENABLE_USER_SCRIPT_SANDBOXING = YES;
				GCC_C_LANGUAGE_STANDARD = gnu17;
				GCC_NO_COMMON_BLOCKS = YES;
				GCC_WARN_64_TO_32_BIT_CONVERSION = YES;
				GCC_WARN_ABOUT_RETURN_TYPE = YES_ERROR;
				GCC_WARN_UNDECLARED_SELECTOR = YES;
				GCC_WARN_UNINITIALIZED_AUTOS = YES_AGGRESSIVE;
				GCC_WARN_UNUSED_FUNCTION = YES;
				GCC_WARN_UNUSED_VARIABLE = YES;
				IPHONEOS_DEPLOYMENT_TARGET = 18.4;
				LOCALIZATION_PREFERS_STRING_CATALOGS = YES;
				MTL_ENABLE_DEBUG_INFO = NO;
				MTL_FAST_MATH = YES;
				SDKROOT = iphoneos;
				SWIFT_COMPILATION_MODE = wholemodule;
				VALIDATE_PRODUCT = YES;
			};
			name = Release;
		};
		6F8F7E6A2DE852000054CD0B /* Debug */ = {
			isa = XCBuildConfiguration;
			buildSettings = {
				ASSETCATALOG_COMPILER_APPICON_NAME = AppIcon;
				ASSETCATALOG_COMPILER_GLOBAL_ACCENT_COLOR_NAME = AccentColor;
				CODE_SIGN_STYLE = Automatic;
				CURRENT_PROJECT_VERSION = 1;
				DEVELOPMENT_TEAM = X7FQ3DUR48;
				ENABLE_PREVIEWS = YES;
				GENERATE_INFOPLIST_FILE = YES;
				INFOPLIST_FILE = NewBrastlewark/Info.plist;
				INFOPLIST_KEY_UIApplicationSceneManifest_Generation = YES;
				INFOPLIST_KEY_UIApplicationSupportsIndirectInputEvents = YES;
				INFOPLIST_KEY_UILaunchScreen_Generation = YES;
				INFOPLIST_KEY_UISupportedInterfaceOrientations_iPad = "UIInterfaceOrientationPortrait UIInterfaceOrientationPortraitUpsideDown UIInterfaceOrientationLandscapeLeft UIInterfaceOrientationLandscapeRight";
				INFOPLIST_KEY_UISupportedInterfaceOrientations_iPhone = "UIInterfaceOrientationPortrait UIInterfaceOrientationLandscapeLeft UIInterfaceOrientationLandscapeRight";
				IPHONEOS_DEPLOYMENT_TARGET = 18.0;
				LD_RUNPATH_SEARCH_PATHS = (
					"$(inherited)",
					"@executable_path/Frameworks",
				);
				MARKETING_VERSION = 1.0;
				PRODUCT_BUNDLE_IDENTIFIER = com.jaimearanaz.NewBrastlewark;
				PRODUCT_NAME = "$(TARGET_NAME)";
				SWIFT_EMIT_LOC_STRINGS = YES;
				SWIFT_VERSION = 5.0;
				TARGETED_DEVICE_FAMILY = "1,2";
			};
			name = Debug;
		};
		6F8F7E6B2DE852000054CD0B /* Release */ = {
			isa = XCBuildConfiguration;
			buildSettings = {
				ASSETCATALOG_COMPILER_APPICON_NAME = AppIcon;
				ASSETCATALOG_COMPILER_GLOBAL_ACCENT_COLOR_NAME = AccentColor;
				CODE_SIGN_STYLE = Automatic;
				CURRENT_PROJECT_VERSION = 1;
				DEVELOPMENT_TEAM = X7FQ3DUR48;
				ENABLE_PREVIEWS = YES;
				GENERATE_INFOPLIST_FILE = YES;
				INFOPLIST_FILE = NewBrastlewark/Info.plist;
				INFOPLIST_KEY_UIApplicationSceneManifest_Generation = YES;
				INFOPLIST_KEY_UIApplicationSupportsIndirectInputEvents = YES;
				INFOPLIST_KEY_UILaunchScreen_Generation = YES;
				INFOPLIST_KEY_UISupportedInterfaceOrientations_iPad = "UIInterfaceOrientationPortrait UIInterfaceOrientationPortraitUpsideDown UIInterfaceOrientationLandscapeLeft UIInterfaceOrientationLandscapeRight";
				INFOPLIST_KEY_UISupportedInterfaceOrientations_iPhone = "UIInterfaceOrientationPortrait UIInterfaceOrientationLandscapeLeft UIInterfaceOrientationLandscapeRight";
				IPHONEOS_DEPLOYMENT_TARGET = 18.0;
				LD_RUNPATH_SEARCH_PATHS = (
					"$(inherited)",
					"@executable_path/Frameworks",
				);
				MARKETING_VERSION = 1.0;
				PRODUCT_BUNDLE_IDENTIFIER = com.jaimearanaz.NewBrastlewark;
				PRODUCT_NAME = "$(TARGET_NAME)";
				SWIFT_EMIT_LOC_STRINGS = YES;
				SWIFT_VERSION = 5.0;
				TARGETED_DEVICE_FAMILY = "1,2";
			};
			name = Release;
		};
		6F8F7E6D2DE852000054CD0B /* Debug */ = {
			isa = XCBuildConfiguration;
			buildSettings = {
				BUNDLE_LOADER = "$(TEST_HOST)";
				CODE_SIGN_STYLE = Automatic;
				CURRENT_PROJECT_VERSION = 1;
				GENERATE_INFOPLIST_FILE = YES;
				IPHONEOS_DEPLOYMENT_TARGET = 18.4;
				MARKETING_VERSION = 1.0;
				PRODUCT_BUNDLE_IDENTIFIER = com.jaimearanaz.NewBrastlewarkTests;
				PRODUCT_NAME = "$(TARGET_NAME)";
				SWIFT_EMIT_LOC_STRINGS = NO;
				SWIFT_VERSION = 5.0;
				TARGETED_DEVICE_FAMILY = "1,2";
				TEST_HOST = "$(BUILT_PRODUCTS_DIR)/NewBrastlewark.app/$(BUNDLE_EXECUTABLE_FOLDER_PATH)/NewBrastlewark";
			};
			name = Debug;
		};
		6F8F7E6E2DE852000054CD0B /* Release */ = {
			isa = XCBuildConfiguration;
			buildSettings = {
				BUNDLE_LOADER = "$(TEST_HOST)";
				CODE_SIGN_STYLE = Automatic;
				CURRENT_PROJECT_VERSION = 1;
				GENERATE_INFOPLIST_FILE = YES;
				IPHONEOS_DEPLOYMENT_TARGET = 18.4;
				MARKETING_VERSION = 1.0;
				PRODUCT_BUNDLE_IDENTIFIER = com.jaimearanaz.NewBrastlewarkTests;
				PRODUCT_NAME = "$(TARGET_NAME)";
				SWIFT_EMIT_LOC_STRINGS = NO;
				SWIFT_VERSION = 5.0;
				TARGETED_DEVICE_FAMILY = "1,2";
				TEST_HOST = "$(BUILT_PRODUCTS_DIR)/NewBrastlewark.app/$(BUNDLE_EXECUTABLE_FOLDER_PATH)/NewBrastlewark";
			};
			name = Release;
		};
/* End XCBuildConfiguration section */

/* Begin XCConfigurationList section */
		6F8F7E412DE851FF0054CD0B /* Build configuration list for PBXProject "NewBrastlewark" */ = {
			isa = XCConfigurationList;
			buildConfigurations = (
				6F8F7E672DE852000054CD0B /* Debug */,
				6F8F7E682DE852000054CD0B /* Release */,
			);
			defaultConfigurationIsVisible = 0;
			defaultConfigurationName = Release;
		};
		6F8F7E692DE852000054CD0B /* Build configuration list for PBXNativeTarget "NewBrastlewark" */ = {
			isa = XCConfigurationList;
			buildConfigurations = (
				6F8F7E6A2DE852000054CD0B /* Debug */,
				6F8F7E6B2DE852000054CD0B /* Release */,
			);
			defaultConfigurationIsVisible = 0;
			defaultConfigurationName = Release;
		};
		6F8F7E6C2DE852000054CD0B /* Build configuration list for PBXNativeTarget "NewBrastlewarkSnapshotTests" */ = {
			isa = XCConfigurationList;
			buildConfigurations = (
				6F8F7E6D2DE852000054CD0B /* Debug */,
				6F8F7E6E2DE852000054CD0B /* Release */,
			);
			defaultConfigurationIsVisible = 0;
			defaultConfigurationName = Release;
		};
/* End XCConfigurationList section */

/* Begin XCLocalSwiftPackageReference section */
		6FD0231C2E0320660088CAB8 /* XCLocalSwiftPackageReference "Packages/Domain" */ = {
			isa = XCLocalSwiftPackageReference;
			relativePath = Packages/Domain;
		};
		6FD0231F2E0320740088CAB8 /* XCLocalSwiftPackageReference "Packages/Data" */ = {
			isa = XCLocalSwiftPackageReference;
			relativePath = Packages/Data;
		};
		6FD023222E0320800088CAB8 /* XCLocalSwiftPackageReference "Packages/Presentation" */ = {
			isa = XCLocalSwiftPackageReference;
			relativePath = Packages/Presentation;
		};
/* End XCLocalSwiftPackageReference section */

/* Begin XCRemoteSwiftPackageReference section */
		6FF2911F2E14523E0044B060 /* XCRemoteSwiftPackageReference "swift-snapshot-testing" */ = {
			isa = XCRemoteSwiftPackageReference;
			repositoryURL = "https://github.com/pointfreeco/swift-snapshot-testing";
			requirement = {
				kind = upToNextMajorVersion;
				minimumVersion = 1.18.4;
			};
		};
/* End XCRemoteSwiftPackageReference section */

/* Begin XCSwiftPackageProductDependency section */
		6F312EC62E14586800BEA3B9 /* InlineSnapshotTesting */ = {
			isa = XCSwiftPackageProductDependency;
			package = 6FF2911F2E14523E0044B060 /* XCRemoteSwiftPackageReference "swift-snapshot-testing" */;
			productName = InlineSnapshotTesting;
		};
		6F312EC82E14586800BEA3B9 /* SnapshotTesting */ = {
			isa = XCSwiftPackageProductDependency;
			package = 6FF2911F2E14523E0044B060 /* XCRemoteSwiftPackageReference "swift-snapshot-testing" */;
			productName = SnapshotTesting;
		};
		6F312ECA2E14586800BEA3B9 /* SnapshotTestingCustomDump */ = {
			isa = XCSwiftPackageProductDependency;
			package = 6FF2911F2E14523E0044B060 /* XCRemoteSwiftPackageReference "swift-snapshot-testing" */;
			productName = SnapshotTestingCustomDump;
		};
		6FD0231D2E0320660088CAB8 /* Domain */ = {
			isa = XCSwiftPackageProductDependency;
			productName = Domain;
		};
		6FD023202E0320740088CAB8 /* Data */ = {
			isa = XCSwiftPackageProductDependency;
			productName = Data;
		};
		6FD023232E0320800088CAB8 /* Presentation */ = {
			isa = XCSwiftPackageProductDependency;
			productName = Presentation;
		};
/* End XCSwiftPackageProductDependency section */
	};
	rootObject = 6F8F7E3E2DE851FF0054CD0B /* Project object */;
}
